
Microsoft Visual Studio Solution File, Format Version 12.00
# Visual Studio Version 16
VisualStudioVersion = 16.0.31205.134
MinimumVisualStudioVersion = 10.0.40219.1
Project("{9A19103F-16F7-4668-BE54-9A1E7A4F7556}") = "DotNetOnion", "DotNetOnion\DotNetOnion.csproj", "{674E1206-110E-437D-991A-FA5872F5EF0F}"
EndProject
Project("{9A19103F-16F7-4668-BE54-9A1E7A4F7556}") = "ConsoleApp1", "ConsoleApp1\ConsoleApp1.csproj", "{4DE87DCD-6190-451C-9939-8123FD63B769}"
EndProject
Project("{FAE04EC0-301F-11D3-BF4B-00C04F79EFBC}") = "DotNetOnion.Tests", "DotNetOnion.Tests\DotNetOnion.Tests.csproj", "{CC516495-9231-43D0-B555-6DD65302A669}"
EndProject
Global
	GlobalSection(SolutionConfigurationPlatforms) = preSolution
		Debug|Any CPU = Debug|Any CPU
		Release|Any CPU = Release|Any CPU
	EndGlobalSection
	GlobalSection(ProjectConfigurationPlatforms) = postSolution
		{674E1206-110E-437D-991A-FA5872F5EF0F}.Debug|Any CPU.ActiveCfg = Debug|Any CPU
		{674E1206-110E-437D-991A-FA5872F5EF0F}.Debug|Any CPU.Build.0 = Debug|Any CPU
		{674E1206-110E-437D-991A-FA5872F5EF0F}.Release|Any CPU.ActiveCfg = Release|Any CPU
		{674E1206-110E-437D-991A-FA5872F5EF0F}.Release|Any CPU.Build.0 = Release|Any CPU
		{4DE87DCD-6190-451C-9939-8123FD63B769}.Debug|Any CPU.ActiveCfg = Debug|Any CPU
		{4DE87DCD-6190-451C-9939-8123FD63B769}.Debug|Any CPU.Build.0 = Debug|Any CPU
		{4DE87DCD-6190-451C-9939-8123FD63B769}.Release|Any CPU.ActiveCfg = Release|Any CPU
		{4DE87DCD-6190-451C-9939-8123FD63B769}.Release|Any CPU.Build.0 = Release|Any CPU
		{CC516495-9231-43D0-B555-6DD65302A669}.Debug|Any CPU.ActiveCfg = Debug|Any CPU
		{CC516495-9231-43D0-B555-6DD65302A669}.Debug|Any CPU.Build.0 = Debug|Any CPU
		{CC516495-9231-43D0-B555-6DD65302A669}.Release|Any CPU.ActiveCfg = Release|Any CPU
		{CC516495-9231-43D0-B555-6DD65302A669}.Release|Any CPU.Build.0 = Release|Any CPU
	EndGlobalSection
	GlobalSection(SolutionProperties) = preSolution
		HideSolutionNode = FALSE
	EndGlobalSection
	GlobalSection(ExtensibilityGlobals) = postSolution
		SolutionGuid = {3460B7AF-F8F8-4013-A31E-C628F9F2F6DC}
	EndGlobalSection
EndGlobal
